
Microsoft Visual Studio Solution File, Format Version 12.00
# Visual Studio Version 17
VisualStudioVersion = 17.0.31919.166
MinimumVisualStudioVersion = 10.0.40219.1
Project("{FAE04EC0-301F-11D3-BF4B-00C04F79EFBC}") = "WebAPI", "WebAPI\WebAPI.csproj", "{3F11AF72-E4EC-4645-B40C-CCBE5E6CCB4B}"
EndProject
Project("{FAE04EC0-301F-11D3-BF4B-00C04F79EFBC}") = "Library", "Library\Library.csproj", "{33A83837-B64B-4CCB-9248-0DC34CADC06D}"
EndProject
Project("{FAE04EC0-301F-11D3-BF4B-00C04F79EFBC}") = "Data", "Data\Data.csproj", "{D06EDCB0-EDBB-4CB6-B1F2-E0E48A64F954}"
EndProject
Global
	GlobalSection(SolutionConfigurationPlatforms) = preSolution
		Debug|Any CPU = Debug|Any CPU
		Release|Any CPU = Release|Any CPU
	EndGlobalSection
	GlobalSection(ProjectConfigurationPlatforms) = postSolution
		{3F11AF72-E4EC-4645-B40C-CCBE5E6CCB4B}.Debug|Any CPU.ActiveCfg = Debug|Any CPU
		{3F11AF72-E4EC-4645-B40C-CCBE5E6CCB4B}.Debug|Any CPU.Build.0 = Debug|Any CPU
		{3F11AF72-E4EC-4645-B40C-CCBE5E6CCB4B}.Release|Any CPU.ActiveCfg = Release|Any CPU
		{3F11AF72-E4EC-4645-B40C-CCBE5E6CCB4B}.Release|Any CPU.Build.0 = Release|Any CPU
		{33A83837-B64B-4CCB-9248-0DC34CADC06D}.Debug|Any CPU.ActiveCfg = Debug|Any CPU
		{33A83837-B64B-4CCB-9248-0DC34CADC06D}.Debug|Any CPU.Build.0 = Debug|Any CPU
		{33A83837-B64B-4CCB-9248-0DC34CADC06D}.Release|Any CPU.ActiveCfg = Release|Any CPU
		{33A83837-B64B-4CCB-9248-0DC34CADC06D}.Release|Any CPU.Build.0 = Release|Any CPU
		{D06EDCB0-EDBB-4CB6-B1F2-E0E48A64F954}.Debug|Any CPU.ActiveCfg = Debug|Any CPU
		{D06EDCB0-EDBB-4CB6-B1F2-E0E48A64F954}.Debug|Any CPU.Build.0 = Debug|Any CPU
		{D06EDCB0-EDBB-4CB6-B1F2-E0E48A64F954}.Release|Any CPU.ActiveCfg = Release|Any CPU
		{D06EDCB0-EDBB-4CB6-B1F2-E0E48A64F954}.Release|Any CPU.Build.0 = Release|Any CPU
	EndGlobalSection
	GlobalSection(SolutionProperties) = preSolution
		HideSolutionNode = FALSE
	EndGlobalSection
	GlobalSection(ExtensibilityGlobals) = postSolution
		SolutionGuid = {EB1002A3-468B-4F04-8A71-B1A62C1F84FA}
	EndGlobalSection
EndGlobal
